// !$*UTF8*$!
{
	archiveVersion = 1;
	classes = {
	};
	objectVersion = 56;
	objects = {

/* Begin PBXBuildFile section */
		C6E6995F2AA0E80200075041 /* RouteRouletteApp.swift in Sources */ = {isa = PBXBuildFile; fileRef = C6E6995E2AA0E80200075041 /* RouteRouletteApp.swift */; };
		C6E699612AA0E80200075041 /* ContentView.swift in Sources */ = {isa = PBXBuildFile; fileRef = C6E699602AA0E80200075041 /* ContentView.swift */; };
		C6E699632AA0E80300075041 /* Assets.xcassets in Resources */ = {isa = PBXBuildFile; fileRef = C6E699622AA0E80300075041 /* Assets.xcassets */; };
		C6E699662AA0E80300075041 /* Preview Assets.xcassets in Resources */ = {isa = PBXBuildFile; fileRef = C6E699652AA0E80300075041 /* Preview Assets.xcassets */; };
		C6E699702AA0E80300075041 /* RouteRouletteTests.swift in Sources */ = {isa = PBXBuildFile; fileRef = C6E6996F2AA0E80300075041 /* RouteRouletteTests.swift */; };
		C6E6997A2AA0E80300075041 /* RouteRouletteUITests.swift in Sources */ = {isa = PBXBuildFile; fileRef = C6E699792AA0E80300075041 /* RouteRouletteUITests.swift */; };
		C6E6997C2AA0E80300075041 /* RouteRouletteUITestsLaunchTests.swift in Sources */ = {isa = PBXBuildFile; fileRef = C6E6997B2AA0E80300075041 /* RouteRouletteUITestsLaunchTests.swift */; };
/* End PBXBuildFile section */

/* Begin PBXContainerItemProxy section */
		C6E6996C2AA0E80300075041 /* PBXContainerItemProxy */ = {
			isa = PBXContainerItemProxy;
			containerPortal = C6E699532AA0E80200075041 /* Project object */;
			proxyType = 1;
			remoteGlobalIDString = C6E6995A2AA0E80200075041;
			remoteInfo = RouteRoulette;
		};
		C6E699762AA0E80300075041 /* PBXContainerItemProxy */ = {
			isa = PBXContainerItemProxy;
			containerPortal = C6E699532AA0E80200075041 /* Project object */;
			proxyType = 1;
			remoteGlobalIDString = C6E6995A2AA0E80200075041;
			remoteInfo = RouteRoulette;
		};
/* End PBXContainerItemProxy section */

/* Begin PBXFileReference section */
		C6E6995B2AA0E80200075041 /* RouteRoulette.app */ = {isa = PBXFileReference; explicitFileType = wrapper.application; includeInIndex = 0; path = RouteRoulette.app; sourceTree = BUILT_PRODUCTS_DIR; };
		C6E6995E2AA0E80200075041 /* RouteRouletteApp.swift */ = {isa = PBXFileReference; lastKnownFileType = sourcecode.swift; path = RouteRouletteApp.swift; sourceTree = "<group>"; };
		C6E699602AA0E80200075041 /* ContentView.swift */ = {isa = PBXFileReference; lastKnownFileType = sourcecode.swift; path = ContentView.swift; sourceTree = "<group>"; };
		C6E699622AA0E80300075041 /* Assets.xcassets */ = {isa = PBXFileReference; lastKnownFileType = folder.assetcatalog; path = Assets.xcassets; sourceTree = "<group>"; };
		C6E699652AA0E80300075041 /* Preview Assets.xcassets */ = {isa = PBXFileReference; lastKnownFileType = folder.assetcatalog; path = "Preview Assets.xcassets"; sourceTree = "<group>"; };
		C6E6996B2AA0E80300075041 /* RouteRouletteTests.xctest */ = {isa = PBXFileReference; explicitFileType = wrapper.cfbundle; includeInIndex = 0; path = RouteRouletteTests.xctest; sourceTree = BUILT_PRODUCTS_DIR; };
		C6E6996F2AA0E80300075041 /* RouteRouletteTests.swift */ = {isa = PBXFileReference; lastKnownFileType = sourcecode.swift; path = RouteRouletteTests.swift; sourceTree = "<group>"; };
		C6E699752AA0E80300075041 /* RouteRouletteUITests.xctest */ = {isa = PBXFileReference; explicitFileType = wrapper.cfbundle; includeInIndex = 0; path = RouteRouletteUITests.xctest; sourceTree = BUILT_PRODUCTS_DIR; };
		C6E699792AA0E80300075041 /* RouteRouletteUITests.swift */ = {isa = PBXFileReference; lastKnownFileType = sourcecode.swift; path = RouteRouletteUITests.swift; sourceTree = "<group>"; };
		C6E6997B2AA0E80300075041 /* RouteRouletteUITestsLaunchTests.swift */ = {isa = PBXFileReference; lastKnownFileType = sourcecode.swift; path = RouteRouletteUITestsLaunchTests.swift; sourceTree = "<group>"; };
/* End PBXFileReference section */

/* Begin PBXFrameworksBuildPhase section */
		C6E699582AA0E80200075041 /* Frameworks */ = {
			isa = PBXFrameworksBuildPhase;
			buildActionMask = 2147483647;
			files = (
			);
			runOnlyForDeploymentPostprocessing = 0;
		};
		C6E699682AA0E80300075041 /* Frameworks */ = {
			isa = PBXFrameworksBuildPhase;
			buildActionMask = 2147483647;
			files = (
			);
			runOnlyForDeploymentPostprocessing = 0;
		};
		C6E699722AA0E80300075041 /* Frameworks */ = {
			isa = PBXFrameworksBuildPhase;
			buildActionMask = 2147483647;
			files = (
			);
			runOnlyForDeploymentPostprocessing = 0;
		};
/* End PBXFrameworksBuildPhase section */

/* Begin PBXGroup section */
		C6E699522AA0E80200075041 = {
			isa = PBXGroup;
			children = (
				C6E6995D2AA0E80200075041 /* RouteRoulette */,
				C6E6996E2AA0E80300075041 /* RouteRouletteTests */,
				C6E699782AA0E80300075041 /* RouteRouletteUITests */,
				C6E6995C2AA0E80200075041 /* Products */,
			);
			sourceTree = "<group>";
		};
		C6E6995C2AA0E80200075041 /* Products */ = {
			isa = PBXGroup;
			children = (
				C6E6995B2AA0E80200075041 /* RouteRoulette.app */,
				C6E6996B2AA0E80300075041 /* RouteRouletteTests.xctest */,
				C6E699752AA0E80300075041 /* RouteRouletteUITests.xctest */,
			);
			name = Products;
			sourceTree = "<group>";
		};
		C6E6995D2AA0E80200075041 /* RouteRoulette */ = {
			isa = PBXGroup;
			children = (
				C6E6995E2AA0E80200075041 /* RouteRouletteApp.swift */,
				C6E699602AA0E80200075041 /* ContentView.swift */,
				C6E699622AA0E80300075041 /* Assets.xcassets */,
				C6E699642AA0E80300075041 /* Preview Content */,
			);
			path = RouteRoulette;
			sourceTree = "<group>";
		};
		C6E699642AA0E80300075041 /* Preview Content */ = {
			isa = PBXGroup;
			children = (
				C6E699652AA0E80300075041 /* Preview Assets.xcassets */,
			);
			path = "Preview Content";
			sourceTree = "<group>";
		};
		C6E6996E2AA0E80300075041 /* RouteRouletteTests */ = {
			isa = PBXGroup;
			children = (
				C6E6996F2AA0E80300075041 /* RouteRouletteTests.swift */,
			);
			path = RouteRouletteTests;
			sourceTree = "<group>";
		};
		C6E699782AA0E80300075041 /* RouteRouletteUITests */ = {
			isa = PBXGroup;
			children = (
				C6E699792AA0E80300075041 /* RouteRouletteUITests.swift */,
				C6E6997B2AA0E80300075041 /* RouteRouletteUITestsLaunchTests.swift */,
			);
			path = RouteRouletteUITests;
			sourceTree = "<group>";
		};
/* End PBXGroup section */

/* Begin PBXNativeTarget section */
		C6E6995A2AA0E80200075041 /* RouteRoulette */ = {
			isa = PBXNativeTarget;
			buildConfigurationList = C6E6997F2AA0E80300075041 /* Build configuration list for PBXNativeTarget "RouteRoulette" */;
			buildPhases = (
				C6E699572AA0E80200075041 /* Sources */,
				C6E699582AA0E80200075041 /* Frameworks */,
				C6E699592AA0E80200075041 /* Resources */,
			);
			buildRules = (
			);
			dependencies = (
			);
			name = RouteRoulette;
			productName = RouteRoulette;
			productReference = C6E6995B2AA0E80200075041 /* RouteRoulette.app */;
			productType = "com.apple.product-type.application";
		};
		C6E6996A2AA0E80300075041 /* RouteRouletteTests */ = {
			isa = PBXNativeTarget;
			buildConfigurationList = C6E699822AA0E80300075041 /* Build configuration list for PBXNativeTarget "RouteRouletteTests" */;
			buildPhases = (
				C6E699672AA0E80300075041 /* Sources */,
				C6E699682AA0E80300075041 /* Frameworks */,
				C6E699692AA0E80300075041 /* Resources */,
			);
			buildRules = (
			);
			dependencies = (
				C6E6996D2AA0E80300075041 /* PBXTargetDependency */,
			);
			name = RouteRouletteTests;
			productName = RouteRouletteTests;
			productReference = C6E6996B2AA0E80300075041 /* RouteRouletteTests.xctest */;
			productType = "com.apple.product-type.bundle.unit-test";
		};
		C6E699742AA0E80300075041 /* RouteRouletteUITests */ = {
			isa = PBXNativeTarget;
			buildConfigurationList = C6E699852AA0E80300075041 /* Build configuration list for PBXNativeTarget "RouteRouletteUITests" */;
			buildPhases = (
				C6E699712AA0E80300075041 /* Sources */,
				C6E699722AA0E80300075041 /* Frameworks */,
				C6E699732AA0E80300075041 /* Resources */,
			);
			buildRules = (
			);
			dependencies = (
				C6E699772AA0E80300075041 /* PBXTargetDependency */,
			);
			name = RouteRouletteUITests;
			productName = RouteRouletteUITests;
			productReference = C6E699752AA0E80300075041 /* RouteRouletteUITests.xctest */;
			productType = "com.apple.product-type.bundle.ui-testing";
		};
/* End PBXNativeTarget section */

/* Begin PBXProject section */
		C6E699532AA0E80200075041 /* Project object */ = {
			isa = PBXProject;
			attributes = {
				BuildIndependentTargetsInParallel = 1;
				LastSwiftUpdateCheck = 1430;
				LastUpgradeCheck = 1430;
				TargetAttributes = {
					C6E6995A2AA0E80200075041 = {
						CreatedOnToolsVersion = 14.3;
					};
					C6E6996A2AA0E80300075041 = {
						CreatedOnToolsVersion = 14.3;
						TestTargetID = C6E6995A2AA0E80200075041;
					};
					C6E699742AA0E80300075041 = {
						CreatedOnToolsVersion = 14.3;
						TestTargetID = C6E6995A2AA0E80200075041;
					};
				};
			};
			buildConfigurationList = C6E699562AA0E80200075041 /* Build configuration list for PBXProject "RouteRoulette" */;
			compatibilityVersion = "Xcode 14.0";
			developmentRegion = en;
			hasScannedForEncodings = 0;
			knownRegions = (
				en,
				Base,
			);
			mainGroup = C6E699522AA0E80200075041;
			productRefGroup = C6E6995C2AA0E80200075041 /* Products */;
			projectDirPath = "";
			projectRoot = "";
			targets = (
				C6E6995A2AA0E80200075041 /* RouteRoulette */,
				C6E6996A2AA0E80300075041 /* RouteRouletteTests */,
				C6E699742AA0E80300075041 /* RouteRouletteUITests */,
			);
		};
/* End PBXProject section */

/* Begin PBXResourcesBuildPhase section */
		C6E699592AA0E80200075041 /* Resources */ = {
			isa = PBXResourcesBuildPhase;
			buildActionMask = 2147483647;
			files = (
				C6E699662AA0E80300075041 /* Preview Assets.xcassets in Resources */,
				C6E699632AA0E80300075041 /* Assets.xcassets in Resources */,
			);
			runOnlyForDeploymentPostprocessing = 0;
		};
		C6E699692AA0E80300075041 /* Resources */ = {
			isa = PBXResourcesBuildPhase;
			buildActionMask = 2147483647;
			files = (
			);
			runOnlyForDeploymentPostprocessing = 0;
		};
		C6E699732AA0E80300075041 /* Resources */ = {
			isa = PBXResourcesBuildPhase;
			buildActionMask = 2147483647;
			files = (
			);
			runOnlyForDeploymentPostprocessing = 0;
		};
/* End PBXResourcesBuildPhase section */

/* Begin PBXSourcesBuildPhase section */
		C6E699572AA0E80200075041 /* Sources */ = {
			isa = PBXSourcesBuildPhase;
			buildActionMask = 2147483647;
			files = (
				C6E699612AA0E80200075041 /* ContentView.swift in Sources */,
				C6E6995F2AA0E80200075041 /* RouteRouletteApp.swift in Sources */,
			);
			runOnlyForDeploymentPostprocessing = 0;
		};
		C6E699672AA0E80300075041 /* Sources */ = {
			isa = PBXSourcesBuildPhase;
			buildActionMask = 2147483647;
			files = (
				C6E699702AA0E80300075041 /* RouteRouletteTests.swift in Sources */,
			);
			runOnlyForDeploymentPostprocessing = 0;
		};
		C6E699712AA0E80300075041 /* Sources */ = {
			isa = PBXSourcesBuildPhase;
			buildActionMask = 2147483647;
			files = (
				C6E6997C2AA0E80300075041 /* RouteRouletteUITestsLaunchTests.swift in Sources */,
				C6E6997A2AA0E80300075041 /* RouteRouletteUITests.swift in Sources */,
			);
			runOnlyForDeploymentPostprocessing = 0;
		};
/* End PBXSourcesBuildPhase section */

/* Begin PBXTargetDependency section */
		C6E6996D2AA0E80300075041 /* PBXTargetDependency */ = {
			isa = PBXTargetDependency;
			target = C6E6995A2AA0E80200075041 /* RouteRoulette */;
			targetProxy = C6E6996C2AA0E80300075041 /* PBXContainerItemProxy */;
		};
		C6E699772AA0E80300075041 /* PBXTargetDependency */ = {
			isa = PBXTargetDependency;
			target = C6E6995A2AA0E80200075041 /* RouteRoulette */;
			targetProxy = C6E699762AA0E80300075041 /* PBXContainerItemProxy */;
		};
/* End PBXTargetDependency section */

/* Begin XCBuildConfiguration section */
		C6E6997D2AA0E80300075041 /* Debug */ = {
			isa = XCBuildConfiguration;
			buildSettings = {
				ALWAYS_SEARCH_USER_PATHS = NO;
				CLANG_ANALYZER_NONNULL = YES;
				CLANG_ANALYZER_NUMBER_OBJECT_CONVERSION = YES_AGGRESSIVE;
				CLANG_CXX_LANGUAGE_STANDARD = "gnu++20";
				CLANG_ENABLE_MODULES = YES;
				CLANG_ENABLE_OBJC_ARC = YES;
				CLANG_ENABLE_OBJC_WEAK = YES;
				CLANG_WARN_BLOCK_CAPTURE_AUTORELEASING = YES;
				CLANG_WARN_BOOL_CONVERSION = YES;
				CLANG_WARN_COMMA = YES;
				CLANG_WARN_CONSTANT_CONVERSION = YES;
				CLANG_WARN_DEPRECATED_OBJC_IMPLEMENTATIONS = YES;
				CLANG_WARN_DIRECT_OBJC_ISA_USAGE = YES_ERROR;
				CLANG_WARN_DOCUMENTATION_COMMENTS = YES;
				CLANG_WARN_EMPTY_BODY = YES;
				CLANG_WARN_ENUM_CONVERSION = YES;
				CLANG_WARN_INFINITE_RECURSION = YES;
				CLANG_WARN_INT_CONVERSION = YES;
				CLANG_WARN_NON_LITERAL_NULL_CONVERSION = YES;
				CLANG_WARN_OBJC_IMPLICIT_RETAIN_SELF = YES;
				CLANG_WARN_OBJC_LITERAL_CONVERSION = YES;
				CLANG_WARN_OBJC_ROOT_CLASS = YES_ERROR;
				CLANG_WARN_QUOTED_INCLUDE_IN_FRAMEWORK_HEADER = YES;
				CLANG_WARN_RANGE_LOOP_ANALYSIS = YES;
				CLANG_WARN_STRICT_PROTOTYPES = YES;
				CLANG_WARN_SUSPICIOUS_MOVE = YES;
				CLANG_WARN_UNGUARDED_AVAILABILITY = YES_AGGRESSIVE;
				CLANG_WARN_UNREACHABLE_CODE = YES;
				CLANG_WARN__DUPLICATE_METHOD_MATCH = YES;
				COPY_PHASE_STRIP = NO;
				DEBUG_INFORMATION_FORMAT = dwarf;
				ENABLE_STRICT_OBJC_MSGSEND = YES;
				ENABLE_TESTABILITY = YES;
				GCC_C_LANGUAGE_STANDARD = gnu11;
				GCC_DYNAMIC_NO_PIC = NO;
				GCC_NO_COMMON_BLOCKS = YES;
				GCC_OPTIMIZATION_LEVEL = 0;
				GCC_PREPROCESSOR_DEFINITIONS = (
					"DEBUG=1",
					"$(inherited)",
				);
				GCC_WARN_64_TO_32_BIT_CONVERSION = YES;
				GCC_WARN_ABOUT_RETURN_TYPE = YES_ERROR;
				GCC_WARN_UNDECLARED_SELECTOR = YES;
				GCC_WARN_UNINITIALIZED_AUTOS = YES_AGGRESSIVE;
				GCC_WARN_UNUSED_FUNCTION = YES;
				GCC_WARN_UNUSED_VARIABLE = YES;
				IPHONEOS_DEPLOYMENT_TARGET = 16.4;
				MTL_ENABLE_DEBUG_INFO = INCLUDE_SOURCE;
				MTL_FAST_MATH = YES;
				ONLY_ACTIVE_ARCH = YES;
				SDKROOT = iphoneos;
				SWIFT_ACTIVE_COMPILATION_CONDITIONS = DEBUG;
				SWIFT_OPTIMIZATION_LEVEL = "-Onone";
			};
			name = Debug;
		};
		C6E6997E2AA0E80300075041 /* Release */ = {
			isa = XCBuildConfiguration;
			buildSettings = {
				ALWAYS_SEARCH_USER_PATHS = NO;
				CLANG_ANALYZER_NONNULL = YES;
				CLANG_ANALYZER_NUMBER_OBJECT_CONVERSION = YES_AGGRESSIVE;
				CLANG_CXX_LANGUAGE_STANDARD = "gnu++20";
				CLANG_ENABLE_MODULES = YES;
				CLANG_ENABLE_OBJC_ARC = YES;
				CLANG_ENABLE_OBJC_WEAK = YES;
				CLANG_WARN_BLOCK_CAPTURE_AUTORELEASING = YES;
				CLANG_WARN_BOOL_CONVERSION = YES;
				CLANG_WARN_COMMA = YES;
				CLANG_WARN_CONSTANT_CONVERSION = YES;
				CLANG_WARN_DEPRECATED_OBJC_IMPLEMENTATIONS = YES;
				CLANG_WARN_DIRECT_OBJC_ISA_USAGE = YES_ERROR;
				CLANG_WARN_DOCUMENTATION_COMMENTS = YES;
				CLANG_WARN_EMPTY_BODY = YES;
				CLANG_WARN_ENUM_CONVERSION = YES;
				CLANG_WARN_INFINITE_RECURSION = YES;
				CLANG_WARN_INT_CONVERSION = YES;
				CLANG_WARN_NON_LITERAL_NULL_CONVERSION = YES;
				CLANG_WARN_OBJC_IMPLICIT_RETAIN_SELF = YES;
				CLANG_WARN_OBJC_LITERAL_CONVERSION = YES;
				CLANG_WARN_OBJC_ROOT_CLASS = YES_ERROR;
				CLANG_WARN_QUOTED_INCLUDE_IN_FRAMEWORK_HEADER = YES;
				CLANG_WARN_RANGE_LOOP_ANALYSIS = YES;
				CLANG_WARN_STRICT_PROTOTYPES = YES;
				CLANG_WARN_SUSPICIOUS_MOVE = YES;
				CLANG_WARN_UNGUARDED_AVAILABILITY = YES_AGGRESSIVE;
				CLANG_WARN_UNREACHABLE_CODE = YES;
				CLANG_WARN__DUPLICATE_METHOD_MATCH = YES;
				COPY_PHASE_STRIP = NO;
				DEBUG_INFORMATION_FORMAT = "dwarf-with-dsym";
				ENABLE_NS_ASSERTIONS = NO;
				ENABLE_STRICT_OBJC_MSGSEND = YES;
				GCC_C_LANGUAGE_STANDARD = gnu11;
				GCC_NO_COMMON_BLOCKS = YES;
				GCC_WARN_64_TO_32_BIT_CONVERSION = YES;
				GCC_WARN_ABOUT_RETURN_TYPE = YES_ERROR;
				GCC_WARN_UNDECLARED_SELECTOR = YES;
				GCC_WARN_UNINITIALIZED_AUTOS = YES_AGGRESSIVE;
				GCC_WARN_UNUSED_FUNCTION = YES;
				GCC_WARN_UNUSED_VARIABLE = YES;
				IPHONEOS_DEPLOYMENT_TARGET = 16.4;
				MTL_ENABLE_DEBUG_INFO = NO;
				MTL_FAST_MATH = YES;
				SDKROOT = iphoneos;
				SWIFT_COMPILATION_MODE = wholemodule;
				SWIFT_OPTIMIZATION_LEVEL = "-O";
				VALIDATE_PRODUCT = YES;
			};
			name = Release;
		};
		C6E699802AA0E80300075041 /* Debug */ = {
			isa = XCBuildConfiguration;
			buildSettings = {
				ASSETCATALOG_COMPILER_APPICON_NAME = AppIcon;
				ASSETCATALOG_COMPILER_GLOBAL_ACCENT_COLOR_NAME = AccentColor;
				CODE_SIGN_STYLE = Automatic;
				CURRENT_PROJECT_VERSION = 1;
				DEVELOPMENT_ASSET_PATHS = "\"RouteRoulette/Preview Content\"";
				DEVELOPMENT_TEAM = 29XC7B4KB4;
				ENABLE_PREVIEWS = YES;
				GENERATE_INFOPLIST_FILE = YES;
				INFOPLIST_KEY_UIApplicationSceneManifest_Generation = YES;
				INFOPLIST_KEY_UIApplicationSupportsIndirectInputEvents = YES;
				INFOPLIST_KEY_UILaunchScreen_Generation = YES;
				INFOPLIST_KEY_UISupportedInterfaceOrientations_iPad = "UIInterfaceOrientationPortrait UIInterfaceOrientationPortraitUpsideDown UIInterfaceOrientationLandscapeLeft UIInterfaceOrientationLandscapeRight";
				INFOPLIST_KEY_UISupportedInterfaceOrientations_iPhone = "UIInterfaceOrientationPortrait UIInterfaceOrientationLandscapeLeft UIInterfaceOrientationLandscapeRight";
				LD_RUNPATH_SEARCH_PATHS = (
					"$(inherited)",
					"@executable_path/Frameworks",
				);
				MARKETING_VERSION = 1.0;
				PRODUCT_BUNDLE_IDENTIFIER = com.sfwalsh.RouteRoulette;
				PRODUCT_NAME = "$(TARGET_NAME)";
				SWIFT_EMIT_LOC_STRINGS = YES;
				SWIFT_VERSION = 5.0;
				TARGETED_DEVICE_FAMILY = "1,2";
			};
			name = Debug;
		};
		C6E699812AA0E80300075041 /* Release */ = {
			isa = XCBuildConfiguration;
			buildSettings = {
				ASSETCATALOG_COMPILER_APPICON_NAME = AppIcon;
				ASSETCATALOG_COMPILER_GLOBAL_ACCENT_COLOR_NAME = AccentColor;
				CODE_SIGN_STYLE = Automatic;
				CURRENT_PROJECT_VERSION = 1;
				DEVELOPMENT_ASSET_PATHS = "\"RouteRoulette/Preview Content\"";
				DEVELOPMENT_TEAM = 29XC7B4KB4;
				ENABLE_PREVIEWS = YES;
				GENERATE_INFOPLIST_FILE = YES;
				INFOPLIST_KEY_UIApplicationSceneManifest_Generation = YES;
				INFOPLIST_KEY_UIApplicationSupportsIndirectInputEvents = YES;
				INFOPLIST_KEY_UILaunchScreen_Generation = YES;
				INFOPLIST_KEY_UISupportedInterfaceOrientations_iPad = "UIInterfaceOrientationPortrait UIInterfaceOrientationPortraitUpsideDown UIInterfaceOrientationLandscapeLeft UIInterfaceOrientationLandscapeRight";
				INFOPLIST_KEY_UISupportedInterfaceOrientations_iPhone = "UIInterfaceOrientationPortrait UIInterfaceOrientationLandscapeLeft UIInterfaceOrientationLandscapeRight";
				LD_RUNPATH_SEARCH_PATHS = (
					"$(inherited)",
					"@executable_path/Frameworks",
				);
				MARKETING_VERSION = 1.0;
				PRODUCT_BUNDLE_IDENTIFIER = com.sfwalsh.RouteRoulette;
				PRODUCT_NAME = "$(TARGET_NAME)";
				SWIFT_EMIT_LOC_STRINGS = YES;
				SWIFT_VERSION = 5.0;
				TARGETED_DEVICE_FAMILY = "1,2";
			};
			name = Release;
		};
		C6E699832AA0E80300075041 /* Debug */ = {
			isa = XCBuildConfiguration;
			buildSettings = {
				ALWAYS_EMBED_SWIFT_STANDARD_LIBRARIES = YES;
				BUNDLE_LOADER = "$(TEST_HOST)";
				CODE_SIGN_STYLE = Automatic;
				CURRENT_PROJECT_VERSION = 1;
				DEVELOPMENT_TEAM = 29XC7B4KB4;
				GENERATE_INFOPLIST_FILE = YES;
				IPHONEOS_DEPLOYMENT_TARGET = 16.4;
				MARKETING_VERSION = 1.0;
				PRODUCT_BUNDLE_IDENTIFIER = com.sfwalsh.RouteRouletteTests;
				PRODUCT_NAME = "$(TARGET_NAME)";
				SWIFT_EMIT_LOC_STRINGS = NO;
				SWIFT_VERSION = 5.0;
				TARGETED_DEVICE_FAMILY = "1,2";
				TEST_HOST = "$(BUILT_PRODUCTS_DIR)/RouteRoulette.app/$(BUNDLE_EXECUTABLE_FOLDER_PATH)/RouteRoulette";
			};
			name = Debug;
		};
		C6E699842AA0E80300075041 /* Release */ = {
			isa = XCBuildConfiguration;
			buildSettings = {
				ALWAYS_EMBED_SWIFT_STANDARD_LIBRARIES = YES;
				BUNDLE_LOADER = "$(TEST_HOST)";
				CODE_SIGN_STYLE = Automatic;
				CURRENT_PROJECT_VERSION = 1;
				DEVELOPMENT_TEAM = 29XC7B4KB4;
				GENERATE_INFOPLIST_FILE = YES;
				IPHONEOS_DEPLOYMENT_TARGET = 16.4;
				MARKETING_VERSION = 1.0;
				PRODUCT_BUNDLE_IDENTIFIER = com.sfwalsh.RouteRouletteTests;
				PRODUCT_NAME = "$(TARGET_NAME)";
				SWIFT_EMIT_LOC_STRINGS = NO;
				SWIFT_VERSION = 5.0;
				TARGETED_DEVICE_FAMILY = "1,2";
				TEST_HOST = "$(BUILT_PRODUCTS_DIR)/RouteRoulette.app/$(BUNDLE_EXECUTABLE_FOLDER_PATH)/RouteRoulette";
			};
			name = Release;
		};
		C6E699862AA0E80300075041 /* Debug */ = {
			isa = XCBuildConfiguration;
			buildSettings = {
				ALWAYS_EMBED_SWIFT_STANDARD_LIBRARIES = YES;
				CODE_SIGN_STYLE = Automatic;
				CURRENT_PROJECT_VERSION = 1;
				DEVELOPMENT_TEAM = 29XC7B4KB4;
				GENERATE_INFOPLIST_FILE = YES;
				MARKETING_VERSION = 1.0;
				PRODUCT_BUNDLE_IDENTIFIER = com.sfwalsh.RouteRouletteUITests;
				PRODUCT_NAME = "$(TARGET_NAME)";
				SWIFT_EMIT_LOC_STRINGS = NO;
				SWIFT_VERSION = 5.0;
				TARGETED_DEVICE_FAMILY = "1,2";
				TEST_TARGET_NAME = RouteRoulette;
			};
			name = Debug;
		};
		C6E699872AA0E80300075041 /* Release */ = {
			isa = XCBuildConfiguration;
			buildSettings = {
				ALWAYS_EMBED_SWIFT_STANDARD_LIBRARIES = YES;
				CODE_SIGN_STYLE = Automatic;
				CURRENT_PROJECT_VERSION = 1;
				DEVELOPMENT_TEAM = 29XC7B4KB4;
				GENERATE_INFOPLIST_FILE = YES;
				MARKETING_VERSION = 1.0;
				PRODUCT_BUNDLE_IDENTIFIER = com.sfwalsh.RouteRouletteUITests;
				PRODUCT_NAME = "$(TARGET_NAME)";
				SWIFT_EMIT_LOC_STRINGS = NO;
				SWIFT_VERSION = 5.0;
				TARGETED_DEVICE_FAMILY = "1,2";
				TEST_TARGET_NAME = RouteRoulette;
			};
			name = Release;
		};
/* End XCBuildConfiguration section */

/* Begin XCConfigurationList section */
		C6E699562AA0E80200075041 /* Build configuration list for PBXProject "RouteRoulette" */ = {
			isa = XCConfigurationList;
			buildConfigurations = (
				C6E6997D2AA0E80300075041 /* Debug */,
				C6E6997E2AA0E80300075041 /* Release */,
			);
			defaultConfigurationIsVisible = 0;
			defaultConfigurationName = Release;
		};
		C6E6997F2AA0E80300075041 /* Build configuration list for PBXNativeTarget "RouteRoulette" */ = {
			isa = XCConfigurationList;
			buildConfigurations = (
				C6E699802AA0E80300075041 /* Debug */,
				C6E699812AA0E80300075041 /* Release */,
			);
			defaultConfigurationIsVisible = 0;
			defaultConfigurationName = Release;
		};
		C6E699822AA0E80300075041 /* Build configuration list for PBXNativeTarget "RouteRouletteTests" */ = {
			isa = XCConfigurationList;
			buildConfigurations = (
				C6E699832AA0E80300075041 /* Debug */,
				C6E699842AA0E80300075041 /* Release */,
			);
			defaultConfigurationIsVisible = 0;
			defaultConfigurationName = Release;
		};
		C6E699852AA0E80300075041 /* Build configuration list for PBXNativeTarget "RouteRouletteUITests" */ = {
			isa = XCConfigurationList;
			buildConfigurations = (
				C6E699862AA0E80300075041 /* Debug */,
				C6E699872AA0E80300075041 /* Release */,
			);
			defaultConfigurationIsVisible = 0;
			defaultConfigurationName = Release;
		};
/* End XCConfigurationList section */
	};
	rootObject = C6E699532AA0E80200075041 /* Project object */;
}
