// !$*UTF8*$!
{
	archiveVersion = 1;
	classes = {
	};
	objectVersion = 56;
	objects = {

/* Begin PBXBuildFile section */
		C6797F4B2AA365B60029A4FA /* FlightsResponse.swift in Sources */ = {isa = PBXBuildFile; fileRef = C6797F4A2AA365B60029A4FA /* FlightsResponse.swift */; };
		C6797F4E2AA36C180029A4FA /* FlightDatasourceTests.swift in Sources */ = {isa = PBXBuildFile; fileRef = C6797F4D2AA36C180029A4FA /* FlightDatasourceTests.swift */; };
		C6797F502AA36DE10029A4FA /* FlightRepositoryTests.swift in Sources */ = {isa = PBXBuildFile; fileRef = C6797F4F2AA36DE10029A4FA /* FlightRepositoryTests.swift */; };
		C6797F522AA36E610029A4FA /* MockFlightDatasource.swift in Sources */ = {isa = PBXBuildFile; fileRef = C6797F512AA36E610029A4FA /* MockFlightDatasource.swift */; };
		C6797F542AA3700E0029A4FA /* FetchFlightsTests.swift in Sources */ = {isa = PBXBuildFile; fileRef = C6797F532AA3700E0029A4FA /* FetchFlightsTests.swift */; };
		C6797F562AA3707E0029A4FA /* MockFlightRepository.swift in Sources */ = {isa = PBXBuildFile; fileRef = C6797F552AA3707E0029A4FA /* MockFlightRepository.swift */; };
		C69C9EAF2AA27BE6004223ED /* MockNetworkRover.swift in Sources */ = {isa = PBXBuildFile; fileRef = C69C9EAE2AA27BE6004223ED /* MockNetworkRover.swift */; };
		C69C9EB12AA27CA4004223ED /* MockAPIRequestBuilder.swift in Sources */ = {isa = PBXBuildFile; fileRef = C69C9EB02AA27CA4004223ED /* MockAPIRequestBuilder.swift */; };
		C69C9EB32AA27CF0004223ED /* MockQueryBuilder.swift in Sources */ = {isa = PBXBuildFile; fileRef = C69C9EB22AA27CF0004223ED /* MockQueryBuilder.swift */; };
		C69C9EB52AA27F43004223ED /* APIRequestBuilderTests.swift in Sources */ = {isa = PBXBuildFile; fileRef = C69C9EB42AA27F43004223ED /* APIRequestBuilderTests.swift */; };
		C69C9EB72AA28027004223ED /* PlaceRepositoryTests.swift in Sources */ = {isa = PBXBuildFile; fileRef = C69C9EB62AA28027004223ED /* PlaceRepositoryTests.swift */; };
		C69C9EC02AA281BC004223ED /* MockPlaceDatasource.swift in Sources */ = {isa = PBXBuildFile; fileRef = C69C9EBF2AA281BC004223ED /* MockPlaceDatasource.swift */; };
		C69C9EC22AA28342004223ED /* QueryBuilderTests.swift in Sources */ = {isa = PBXBuildFile; fileRef = C69C9EC12AA28342004223ED /* QueryBuilderTests.swift */; };
		C69C9EC52AA2841E004223ED /* FetchPlacesTests.swift in Sources */ = {isa = PBXBuildFile; fileRef = C69C9EC42AA2841E004223ED /* FetchPlacesTests.swift */; };
		C69C9EC72AA284BA004223ED /* MockPlaceRepository.swift in Sources */ = {isa = PBXBuildFile; fileRef = C69C9EC62AA284BA004223ED /* MockPlaceRepository.swift */; };
		C69DD6542AA2A48C0020A928 /* FetchFlights.swift in Sources */ = {isa = PBXBuildFile; fileRef = C69DD6532AA2A48C0020A928 /* FetchFlights.swift */; };
		C69DD6562AA2A4A10020A928 /* DateStringFormatter.swift in Sources */ = {isa = PBXBuildFile; fileRef = C69DD6552AA2A4A10020A928 /* DateStringFormatter.swift */; };
		C69DD6582AA2A73F0020A928 /* DateStringFormatterTests.swift in Sources */ = {isa = PBXBuildFile; fileRef = C69DD6572AA2A73F0020A928 /* DateStringFormatterTests.swift */; };
		C69DD65A2AA2A9180020A928 /* FlightRepository.swift in Sources */ = {isa = PBXBuildFile; fileRef = C69DD6592AA2A9180020A928 /* FlightRepository.swift */; };
		C69DD65E2AA2A94E0020A928 /* FlightDatasource.swift in Sources */ = {isa = PBXBuildFile; fileRef = C69DD65D2AA2A94E0020A928 /* FlightDatasource.swift */; };
		C69DD6602AA2A9790020A928 /* FlightDTO.swift in Sources */ = {isa = PBXBuildFile; fileRef = C69DD65F2AA2A9790020A928 /* FlightDTO.swift */; };
		C6BB50952AA21F5000811952 /* SearchTermProvider.swift in Sources */ = {isa = PBXBuildFile; fileRef = C6BB50942AA21F5000811952 /* SearchTermProvider.swift */; };
		C6BB50992AA21FA200811952 /* Place.swift in Sources */ = {isa = PBXBuildFile; fileRef = C6BB50982AA21FA200811952 /* Place.swift */; };
		C6BB509B2AA2209D00811952 /* GPSCoordinate.swift in Sources */ = {isa = PBXBuildFile; fileRef = C6BB509A2AA2209D00811952 /* GPSCoordinate.swift */; };
		C6BB509F2AA220C500811952 /* PlacesResponse.swift in Sources */ = {isa = PBXBuildFile; fileRef = C6BB509E2AA220C500811952 /* PlacesResponse.swift */; };
		C6BB50A12AA2239600811952 /* UseCase.swift in Sources */ = {isa = PBXBuildFile; fileRef = C6BB50A02AA2239600811952 /* UseCase.swift */; };
		C6BB50A32AA223B600811952 /* FetchPlaces.swift in Sources */ = {isa = PBXBuildFile; fileRef = C6BB50A22AA223B600811952 /* FetchPlaces.swift */; };
		C6BB50A52AA224E400811952 /* PlaceRepository.swift in Sources */ = {isa = PBXBuildFile; fileRef = C6BB50A42AA224E400811952 /* PlaceRepository.swift */; };
		C6CB135D2AA39AD500CD495C /* CreateIntineraries.swift in Sources */ = {isa = PBXBuildFile; fileRef = C6CB135C2AA39AD500CD495C /* CreateIntineraries.swift */; };
		C6CB135F2AA39C5000CD495C /* CreateIntinerariesTests.swift in Sources */ = {isa = PBXBuildFile; fileRef = C6CB135E2AA39C5000CD495C /* CreateIntinerariesTests.swift */; };
		C6CB13612AA39C6E00CD495C /* MockFetchFlights.swift in Sources */ = {isa = PBXBuildFile; fileRef = C6CB13602AA39C6E00CD495C /* MockFetchFlights.swift */; };
		C6CB13632AA39CA700CD495C /* MockFetchPlaces.swift in Sources */ = {isa = PBXBuildFile; fileRef = C6CB13622AA39CA700CD495C /* MockFetchPlaces.swift */; };
		C6CB13652AA39CC200CD495C /* MockDateStringFormatter.swift in Sources */ = {isa = PBXBuildFile; fileRef = C6CB13642AA39CC200CD495C /* MockDateStringFormatter.swift */; };
		C6E6995F2AA0E80200075041 /* RouteRouletteApp.swift in Sources */ = {isa = PBXBuildFile; fileRef = C6E6995E2AA0E80200075041 /* RouteRouletteApp.swift */; };
		C6E699612AA0E80200075041 /* ContentView.swift in Sources */ = {isa = PBXBuildFile; fileRef = C6E699602AA0E80200075041 /* ContentView.swift */; };
		C6E699632AA0E80300075041 /* Assets.xcassets in Resources */ = {isa = PBXBuildFile; fileRef = C6E699622AA0E80300075041 /* Assets.xcassets */; };
		C6E699662AA0E80300075041 /* Preview Assets.xcassets in Resources */ = {isa = PBXBuildFile; fileRef = C6E699652AA0E80300075041 /* Preview Assets.xcassets */; };
		C6E6998B2AA0E93600075041 /* NetworkRover.swift in Sources */ = {isa = PBXBuildFile; fileRef = C6E6998A2AA0E93600075041 /* NetworkRover.swift */; };
		C6E6998D2AA0EC0400075041 /* String+Extensions.swift in Sources */ = {isa = PBXBuildFile; fileRef = C6E6998C2AA0EC0400075041 /* String+Extensions.swift */; };
		C6E699952AA0F57C00075041 /* PlaceDatasourceTests.swift in Sources */ = {isa = PBXBuildFile; fileRef = C6E699942AA0F57C00075041 /* PlaceDatasourceTests.swift */; };
		C6E699972AA0F69B00075041 /* PlaceDatasource.swift in Sources */ = {isa = PBXBuildFile; fileRef = C6E699962AA0F69B00075041 /* PlaceDatasource.swift */; };
		C6FD997F2AA25352002D211F /* QueryBuilder.swift in Sources */ = {isa = PBXBuildFile; fileRef = C6FD997E2AA25352002D211F /* QueryBuilder.swift */; };
		C6FD99812AA2576E002D211F /* GraphQLResponse.swift in Sources */ = {isa = PBXBuildFile; fileRef = C6FD99802AA2576E002D211F /* GraphQLResponse.swift */; };
		C6FD99832AA25788002D211F /* NetworkRoverError.swift in Sources */ = {isa = PBXBuildFile; fileRef = C6FD99822AA25788002D211F /* NetworkRoverError.swift */; };
		C6FD99862AA257A0002D211F /* GraphQLError.swift in Sources */ = {isa = PBXBuildFile; fileRef = C6FD99852AA257A0002D211F /* GraphQLError.swift */; };
		C6FD99892AA257CD002D211F /* APIRequestBuilder.swift in Sources */ = {isa = PBXBuildFile; fileRef = C6FD99882AA257CD002D211F /* APIRequestBuilder.swift */; };
		C6FD998B2AA25C63002D211F /* MockURLSession.swift in Sources */ = {isa = PBXBuildFile; fileRef = C6FD998A2AA25C63002D211F /* MockURLSession.swift */; };
		C6FD998D2AA25C96002D211F /* URLSessionDataTaskPublishing.swift in Sources */ = {isa = PBXBuildFile; fileRef = C6FD998C2AA25C96002D211F /* URLSessionDataTaskPublishing.swift */; };
		C6FD998F2AA25E0C002D211F /* NetworkRoverTests.swift in Sources */ = {isa = PBXBuildFile; fileRef = C6FD998E2AA25E0C002D211F /* NetworkRoverTests.swift */; };
/* End PBXBuildFile section */

/* Begin PBXContainerItemProxy section */
		C6E6996C2AA0E80300075041 /* PBXContainerItemProxy */ = {
			isa = PBXContainerItemProxy;
			containerPortal = C6E699532AA0E80200075041 /* Project object */;
			proxyType = 1;
			remoteGlobalIDString = C6E6995A2AA0E80200075041;
			remoteInfo = RouteRoulette;
		};
/* End PBXContainerItemProxy section */

/* Begin PBXFileReference section */
		C6797F4A2AA365B60029A4FA /* FlightsResponse.swift */ = {isa = PBXFileReference; lastKnownFileType = sourcecode.swift; path = FlightsResponse.swift; sourceTree = "<group>"; };
		C6797F4D2AA36C180029A4FA /* FlightDatasourceTests.swift */ = {isa = PBXFileReference; lastKnownFileType = sourcecode.swift; path = FlightDatasourceTests.swift; sourceTree = "<group>"; };
		C6797F4F2AA36DE10029A4FA /* FlightRepositoryTests.swift */ = {isa = PBXFileReference; lastKnownFileType = sourcecode.swift; path = FlightRepositoryTests.swift; sourceTree = "<group>"; };
		C6797F512AA36E610029A4FA /* MockFlightDatasource.swift */ = {isa = PBXFileReference; lastKnownFileType = sourcecode.swift; path = MockFlightDatasource.swift; sourceTree = "<group>"; };
		C6797F532AA3700E0029A4FA /* FetchFlightsTests.swift */ = {isa = PBXFileReference; lastKnownFileType = sourcecode.swift; path = FetchFlightsTests.swift; sourceTree = "<group>"; };
		C6797F552AA3707E0029A4FA /* MockFlightRepository.swift */ = {isa = PBXFileReference; lastKnownFileType = sourcecode.swift; path = MockFlightRepository.swift; sourceTree = "<group>"; };
		C69C9EAE2AA27BE6004223ED /* MockNetworkRover.swift */ = {isa = PBXFileReference; lastKnownFileType = sourcecode.swift; path = MockNetworkRover.swift; sourceTree = "<group>"; };
		C69C9EB02AA27CA4004223ED /* MockAPIRequestBuilder.swift */ = {isa = PBXFileReference; lastKnownFileType = sourcecode.swift; path = MockAPIRequestBuilder.swift; sourceTree = "<group>"; };
		C69C9EB22AA27CF0004223ED /* MockQueryBuilder.swift */ = {isa = PBXFileReference; lastKnownFileType = sourcecode.swift; path = MockQueryBuilder.swift; sourceTree = "<group>"; };
		C69C9EB42AA27F43004223ED /* APIRequestBuilderTests.swift */ = {isa = PBXFileReference; lastKnownFileType = sourcecode.swift; path = APIRequestBuilderTests.swift; sourceTree = "<group>"; };
		C69C9EB62AA28027004223ED /* PlaceRepositoryTests.swift */ = {isa = PBXFileReference; lastKnownFileType = sourcecode.swift; path = PlaceRepositoryTests.swift; sourceTree = "<group>"; };
		C69C9EBF2AA281BC004223ED /* MockPlaceDatasource.swift */ = {isa = PBXFileReference; lastKnownFileType = sourcecode.swift; path = MockPlaceDatasource.swift; sourceTree = "<group>"; };
		C69C9EC12AA28342004223ED /* QueryBuilderTests.swift */ = {isa = PBXFileReference; lastKnownFileType = sourcecode.swift; path = QueryBuilderTests.swift; sourceTree = "<group>"; };
		C69C9EC42AA2841E004223ED /* FetchPlacesTests.swift */ = {isa = PBXFileReference; lastKnownFileType = sourcecode.swift; path = FetchPlacesTests.swift; sourceTree = "<group>"; };
		C69C9EC62AA284BA004223ED /* MockPlaceRepository.swift */ = {isa = PBXFileReference; lastKnownFileType = sourcecode.swift; path = MockPlaceRepository.swift; sourceTree = "<group>"; };
		C69DD6532AA2A48C0020A928 /* FetchFlights.swift */ = {isa = PBXFileReference; lastKnownFileType = sourcecode.swift; path = FetchFlights.swift; sourceTree = "<group>"; };
		C69DD6552AA2A4A10020A928 /* DateStringFormatter.swift */ = {isa = PBXFileReference; lastKnownFileType = sourcecode.swift; path = DateStringFormatter.swift; sourceTree = "<group>"; };
		C69DD6572AA2A73F0020A928 /* DateStringFormatterTests.swift */ = {isa = PBXFileReference; lastKnownFileType = sourcecode.swift; path = DateStringFormatterTests.swift; sourceTree = "<group>"; };
		C69DD6592AA2A9180020A928 /* FlightRepository.swift */ = {isa = PBXFileReference; lastKnownFileType = sourcecode.swift; path = FlightRepository.swift; sourceTree = "<group>"; };
		C69DD65D2AA2A94E0020A928 /* FlightDatasource.swift */ = {isa = PBXFileReference; lastKnownFileType = sourcecode.swift; path = FlightDatasource.swift; sourceTree = "<group>"; };
		C69DD65F2AA2A9790020A928 /* FlightDTO.swift */ = {isa = PBXFileReference; lastKnownFileType = sourcecode.swift; path = FlightDTO.swift; sourceTree = "<group>"; wrapsLines = 1; };
		C6BB50942AA21F5000811952 /* SearchTermProvider.swift */ = {isa = PBXFileReference; lastKnownFileType = sourcecode.swift; path = SearchTermProvider.swift; sourceTree = "<group>"; };
		C6BB50982AA21FA200811952 /* Place.swift */ = {isa = PBXFileReference; lastKnownFileType = sourcecode.swift; path = Place.swift; sourceTree = "<group>"; };
		C6BB509A2AA2209D00811952 /* GPSCoordinate.swift */ = {isa = PBXFileReference; lastKnownFileType = sourcecode.swift; path = GPSCoordinate.swift; sourceTree = "<group>"; };
		C6BB509E2AA220C500811952 /* PlacesResponse.swift */ = {isa = PBXFileReference; lastKnownFileType = sourcecode.swift; path = PlacesResponse.swift; sourceTree = "<group>"; };
		C6BB50A02AA2239600811952 /* UseCase.swift */ = {isa = PBXFileReference; lastKnownFileType = sourcecode.swift; path = UseCase.swift; sourceTree = "<group>"; };
		C6BB50A22AA223B600811952 /* FetchPlaces.swift */ = {isa = PBXFileReference; lastKnownFileType = sourcecode.swift; path = FetchPlaces.swift; sourceTree = "<group>"; };
		C6BB50A42AA224E400811952 /* PlaceRepository.swift */ = {isa = PBXFileReference; lastKnownFileType = sourcecode.swift; path = PlaceRepository.swift; sourceTree = "<group>"; };
		C6CB135C2AA39AD500CD495C /* CreateIntineraries.swift */ = {isa = PBXFileReference; lastKnownFileType = sourcecode.swift; path = CreateIntineraries.swift; sourceTree = "<group>"; };
		C6CB135E2AA39C5000CD495C /* CreateIntinerariesTests.swift */ = {isa = PBXFileReference; lastKnownFileType = sourcecode.swift; path = CreateIntinerariesTests.swift; sourceTree = "<group>"; };
		C6CB13602AA39C6E00CD495C /* MockFetchFlights.swift */ = {isa = PBXFileReference; lastKnownFileType = sourcecode.swift; path = MockFetchFlights.swift; sourceTree = "<group>"; };
		C6CB13622AA39CA700CD495C /* MockFetchPlaces.swift */ = {isa = PBXFileReference; lastKnownFileType = sourcecode.swift; path = MockFetchPlaces.swift; sourceTree = "<group>"; };
		C6CB13642AA39CC200CD495C /* MockDateStringFormatter.swift */ = {isa = PBXFileReference; lastKnownFileType = sourcecode.swift; path = MockDateStringFormatter.swift; sourceTree = "<group>"; };
		C6E6995B2AA0E80200075041 /* RouteRoulette.app */ = {isa = PBXFileReference; explicitFileType = wrapper.application; includeInIndex = 0; path = RouteRoulette.app; sourceTree = BUILT_PRODUCTS_DIR; };
		C6E6995E2AA0E80200075041 /* RouteRouletteApp.swift */ = {isa = PBXFileReference; lastKnownFileType = sourcecode.swift; path = RouteRouletteApp.swift; sourceTree = "<group>"; };
		C6E699602AA0E80200075041 /* ContentView.swift */ = {isa = PBXFileReference; lastKnownFileType = sourcecode.swift; path = ContentView.swift; sourceTree = "<group>"; };
		C6E699622AA0E80300075041 /* Assets.xcassets */ = {isa = PBXFileReference; lastKnownFileType = folder.assetcatalog; path = Assets.xcassets; sourceTree = "<group>"; };
		C6E699652AA0E80300075041 /* Preview Assets.xcassets */ = {isa = PBXFileReference; lastKnownFileType = folder.assetcatalog; path = "Preview Assets.xcassets"; sourceTree = "<group>"; };
		C6E6996B2AA0E80300075041 /* RouteRouletteTests.xctest */ = {isa = PBXFileReference; explicitFileType = wrapper.cfbundle; includeInIndex = 0; path = RouteRouletteTests.xctest; sourceTree = BUILT_PRODUCTS_DIR; };
		C6E6998A2AA0E93600075041 /* NetworkRover.swift */ = {isa = PBXFileReference; lastKnownFileType = sourcecode.swift; path = NetworkRover.swift; sourceTree = "<group>"; };
		C6E6998C2AA0EC0400075041 /* String+Extensions.swift */ = {isa = PBXFileReference; lastKnownFileType = sourcecode.swift; path = "String+Extensions.swift"; sourceTree = "<group>"; };
		C6E699942AA0F57C00075041 /* PlaceDatasourceTests.swift */ = {isa = PBXFileReference; lastKnownFileType = sourcecode.swift; path = PlaceDatasourceTests.swift; sourceTree = "<group>"; };
		C6E699962AA0F69B00075041 /* PlaceDatasource.swift */ = {isa = PBXFileReference; lastKnownFileType = sourcecode.swift; path = PlaceDatasource.swift; sourceTree = "<group>"; };
		C6FD997E2AA25352002D211F /* QueryBuilder.swift */ = {isa = PBXFileReference; lastKnownFileType = sourcecode.swift; path = QueryBuilder.swift; sourceTree = "<group>"; };
		C6FD99802AA2576E002D211F /* GraphQLResponse.swift */ = {isa = PBXFileReference; lastKnownFileType = sourcecode.swift; path = GraphQLResponse.swift; sourceTree = "<group>"; };
		C6FD99822AA25788002D211F /* NetworkRoverError.swift */ = {isa = PBXFileReference; lastKnownFileType = sourcecode.swift; path = NetworkRoverError.swift; sourceTree = "<group>"; };
		C6FD99852AA257A0002D211F /* GraphQLError.swift */ = {isa = PBXFileReference; lastKnownFileType = sourcecode.swift; path = GraphQLError.swift; sourceTree = "<group>"; };
		C6FD99882AA257CD002D211F /* APIRequestBuilder.swift */ = {isa = PBXFileReference; lastKnownFileType = sourcecode.swift; path = APIRequestBuilder.swift; sourceTree = "<group>"; };
		C6FD998A2AA25C63002D211F /* MockURLSession.swift */ = {isa = PBXFileReference; lastKnownFileType = sourcecode.swift; path = MockURLSession.swift; sourceTree = "<group>"; };
		C6FD998C2AA25C96002D211F /* URLSessionDataTaskPublishing.swift */ = {isa = PBXFileReference; lastKnownFileType = sourcecode.swift; path = URLSessionDataTaskPublishing.swift; sourceTree = "<group>"; };
		C6FD998E2AA25E0C002D211F /* NetworkRoverTests.swift */ = {isa = PBXFileReference; lastKnownFileType = sourcecode.swift; path = NetworkRoverTests.swift; sourceTree = "<group>"; };
/* End PBXFileReference section */

/* Begin PBXFrameworksBuildPhase section */
		C6E699582AA0E80200075041 /* Frameworks */ = {
			isa = PBXFrameworksBuildPhase;
			buildActionMask = 2147483647;
			files = (
			);
			runOnlyForDeploymentPostprocessing = 0;
		};
		C6E699682AA0E80300075041 /* Frameworks */ = {
			isa = PBXFrameworksBuildPhase;
			buildActionMask = 2147483647;
			files = (
			);
			runOnlyForDeploymentPostprocessing = 0;
		};
/* End PBXFrameworksBuildPhase section */

/* Begin PBXGroup section */
		C6797F492AA3646E0029A4FA /* UseCase */ = {
			isa = PBXGroup;
			children = (
				C6BB50A02AA2239600811952 /* UseCase.swift */,
				C6BB50A22AA223B600811952 /* FetchPlaces.swift */,
				C69DD6532AA2A48C0020A928 /* FetchFlights.swift */,
				C6CB135C2AA39AD500CD495C /* CreateIntineraries.swift */,
			);
			path = UseCase;
			sourceTree = "<group>";
		};
		C6797F4C2AA369B90029A4FA /* Models */ = {
			isa = PBXGroup;
			children = (
				C69DD65F2AA2A9790020A928 /* FlightDTO.swift */,
			);
			path = Models;
			sourceTree = "<group>";
		};
		C69C9EB82AA2805C004223ED /* Data Layer */ = {
			isa = PBXGroup;
			children = (
				C6E699942AA0F57C00075041 /* PlaceDatasourceTests.swift */,
				C6FD998E2AA25E0C002D211F /* NetworkRoverTests.swift */,
				C69C9EB42AA27F43004223ED /* APIRequestBuilderTests.swift */,
				C69C9EB62AA28027004223ED /* PlaceRepositoryTests.swift */,
				C6797F4D2AA36C180029A4FA /* FlightDatasourceTests.swift */,
				C6797F4F2AA36DE10029A4FA /* FlightRepositoryTests.swift */,
			);
			path = "Data Layer";
			sourceTree = "<group>";
		};
		C69C9EC32AA2834A004223ED /* Domain Layer */ = {
			isa = PBXGroup;
			children = (
				C69C9EC12AA28342004223ED /* QueryBuilderTests.swift */,
				C6CB135E2AA39C5000CD495C /* CreateIntinerariesTests.swift */,
				C69C9EC42AA2841E004223ED /* FetchPlacesTests.swift */,
				C69DD6572AA2A73F0020A928 /* DateStringFormatterTests.swift */,
				C6797F532AA3700E0029A4FA /* FetchFlightsTests.swift */,
			);
			path = "Domain Layer";
			sourceTree = "<group>";
		};
		C69DD65B2AA2A93E0020A928 /* Places */ = {
			isa = PBXGroup;
			children = (
				C6BB50A42AA224E400811952 /* PlaceRepository.swift */,
				C6E699962AA0F69B00075041 /* PlaceDatasource.swift */,
			);
			path = Places;
			sourceTree = "<group>";
		};
		C69DD65C2AA2A9420020A928 /* Flights */ = {
			isa = PBXGroup;
			children = (
				C69DD6592AA2A9180020A928 /* FlightRepository.swift */,
				C69DD65D2AA2A94E0020A928 /* FlightDatasource.swift */,
			);
			path = Flights;
			sourceTree = "<group>";
		};
		C6BB509C2AA220AB00811952 /* Data Layer */ = {
			isa = PBXGroup;
			children = (
				C6FD99882AA257CD002D211F /* APIRequestBuilder.swift */,
				C6FD99842AA25790002D211F /* NetworkRover */,
				C6FD99872AA257A7002D211F /* GraphQL */,
				C69DD65B2AA2A93E0020A928 /* Places */,
				C69DD65C2AA2A9420020A928 /* Flights */,
				C6BB509D2AA220B300811952 /* Models */,
			);
			path = "Data Layer";
			sourceTree = "<group>";
		};
		C6BB509D2AA220B300811952 /* Models */ = {
			isa = PBXGroup;
			children = (
				C6BB50982AA21FA200811952 /* Place.swift */,
				C6797F4A2AA365B60029A4FA /* FlightsResponse.swift */,
				C6BB509A2AA2209D00811952 /* GPSCoordinate.swift */,
				C6BB509E2AA220C500811952 /* PlacesResponse.swift */,
			);
			path = Models;
			sourceTree = "<group>";
		};
		C6E699522AA0E80200075041 = {
			isa = PBXGroup;
			children = (
				C6E6995D2AA0E80200075041 /* RouteRoulette */,
				C6E6996E2AA0E80300075041 /* RouteRouletteTests */,
				C6E6995C2AA0E80200075041 /* Products */,
			);
			sourceTree = "<group>";
		};
		C6E6995C2AA0E80200075041 /* Products */ = {
			isa = PBXGroup;
			children = (
				C6E6995B2AA0E80200075041 /* RouteRoulette.app */,
				C6E6996B2AA0E80300075041 /* RouteRouletteTests.xctest */,
			);
			name = Products;
			sourceTree = "<group>";
		};
		C6E6995D2AA0E80200075041 /* RouteRoulette */ = {
			isa = PBXGroup;
			children = (
				C6E6995E2AA0E80200075041 /* RouteRouletteApp.swift */,
				C6E699602AA0E80200075041 /* ContentView.swift */,
				C6FD998C2AA25C96002D211F /* URLSessionDataTaskPublishing.swift */,
				C6FD997D2AA25157002D211F /* Domain Layer */,
				C6BB509C2AA220AB00811952 /* Data Layer */,
				C6E699622AA0E80300075041 /* Assets.xcassets */,
				C6E699642AA0E80300075041 /* Preview Content */,
			);
			path = RouteRoulette;
			sourceTree = "<group>";
		};
		C6E699642AA0E80300075041 /* Preview Content */ = {
			isa = PBXGroup;
			children = (
				C6E699652AA0E80300075041 /* Preview Assets.xcassets */,
			);
			path = "Preview Content";
			sourceTree = "<group>";
		};
		C6E6996E2AA0E80300075041 /* RouteRouletteTests */ = {
			isa = PBXGroup;
			children = (
				C69C9EC32AA2834A004223ED /* Domain Layer */,
				C69C9EB82AA2805C004223ED /* Data Layer */,
				C6E699902AA0EF9A00075041 /* Mocks */,
				C6E699912AA0EF9F00075041 /* Utilities */,
			);
			path = RouteRouletteTests;
			sourceTree = "<group>";
		};
		C6E699902AA0EF9A00075041 /* Mocks */ = {
			isa = PBXGroup;
			children = (
				C6FD998A2AA25C63002D211F /* MockURLSession.swift */,
				C69C9EAE2AA27BE6004223ED /* MockNetworkRover.swift */,
				C6797F512AA36E610029A4FA /* MockFlightDatasource.swift */,
				C69C9EB22AA27CF0004223ED /* MockQueryBuilder.swift */,
				C69C9EB02AA27CA4004223ED /* MockAPIRequestBuilder.swift */,
				C6CB13602AA39C6E00CD495C /* MockFetchFlights.swift */,
				C6CB13622AA39CA700CD495C /* MockFetchPlaces.swift */,
				C6CB13642AA39CC200CD495C /* MockDateStringFormatter.swift */,
				C69C9EBF2AA281BC004223ED /* MockPlaceDatasource.swift */,
				C69C9EC62AA284BA004223ED /* MockPlaceRepository.swift */,
				C6797F552AA3707E0029A4FA /* MockFlightRepository.swift */,
			);
			path = Mocks;
			sourceTree = "<group>";
		};
		C6E699912AA0EF9F00075041 /* Utilities */ = {
			isa = PBXGroup;
			children = (
				C6E6998C2AA0EC0400075041 /* String+Extensions.swift */,
			);
			path = Utilities;
			sourceTree = "<group>";
		};
		C6FD997D2AA25157002D211F /* Domain Layer */ = {
			isa = PBXGroup;
			children = (
				C6797F492AA3646E0029A4FA /* UseCase */,
				C6797F4C2AA369B90029A4FA /* Models */,
				C6BB50942AA21F5000811952 /* SearchTermProvider.swift */,
				C6FD997E2AA25352002D211F /* QueryBuilder.swift */,
				C69DD6552AA2A4A10020A928 /* DateStringFormatter.swift */,
			);
			path = "Domain Layer";
			sourceTree = "<group>";
		};
		C6FD99842AA25790002D211F /* NetworkRover */ = {
			isa = PBXGroup;
			children = (
				C6E6998A2AA0E93600075041 /* NetworkRover.swift */,
				C6FD99822AA25788002D211F /* NetworkRoverError.swift */,
			);
			path = NetworkRover;
			sourceTree = "<group>";
		};
		C6FD99872AA257A7002D211F /* GraphQL */ = {
			isa = PBXGroup;
			children = (
				C6FD99802AA2576E002D211F /* GraphQLResponse.swift */,
				C6FD99852AA257A0002D211F /* GraphQLError.swift */,
			);
			path = GraphQL;
			sourceTree = "<group>";
		};
/* End PBXGroup section */

/* Begin PBXNativeTarget section */
		C6E6995A2AA0E80200075041 /* RouteRoulette */ = {
			isa = PBXNativeTarget;
			buildConfigurationList = C6E6997F2AA0E80300075041 /* Build configuration list for PBXNativeTarget "RouteRoulette" */;
			buildPhases = (
				C6E699572AA0E80200075041 /* Sources */,
				C6E699582AA0E80200075041 /* Frameworks */,
				C6E699592AA0E80200075041 /* Resources */,
			);
			buildRules = (
			);
			dependencies = (
			);
			name = RouteRoulette;
			productName = RouteRoulette;
			productReference = C6E6995B2AA0E80200075041 /* RouteRoulette.app */;
			productType = "com.apple.product-type.application";
		};
		C6E6996A2AA0E80300075041 /* RouteRouletteTests */ = {
			isa = PBXNativeTarget;
			buildConfigurationList = C6E699822AA0E80300075041 /* Build configuration list for PBXNativeTarget "RouteRouletteTests" */;
			buildPhases = (
				C6E699672AA0E80300075041 /* Sources */,
				C6E699682AA0E80300075041 /* Frameworks */,
				C6E699692AA0E80300075041 /* Resources */,
			);
			buildRules = (
			);
			dependencies = (
				C6E6996D2AA0E80300075041 /* PBXTargetDependency */,
			);
			name = RouteRouletteTests;
			productName = RouteRouletteTests;
			productReference = C6E6996B2AA0E80300075041 /* RouteRouletteTests.xctest */;
			productType = "com.apple.product-type.bundle.unit-test";
		};
/* End PBXNativeTarget section */

/* Begin PBXProject section */
		C6E699532AA0E80200075041 /* Project object */ = {
			isa = PBXProject;
			attributes = {
				BuildIndependentTargetsInParallel = 1;
				LastSwiftUpdateCheck = 1430;
				LastUpgradeCheck = 1430;
				TargetAttributes = {
					C6E6995A2AA0E80200075041 = {
						CreatedOnToolsVersion = 14.3;
					};
					C6E6996A2AA0E80300075041 = {
						CreatedOnToolsVersion = 14.3;
						TestTargetID = C6E6995A2AA0E80200075041;
					};
				};
			};
			buildConfigurationList = C6E699562AA0E80200075041 /* Build configuration list for PBXProject "RouteRoulette" */;
			compatibilityVersion = "Xcode 14.0";
			developmentRegion = en;
			hasScannedForEncodings = 0;
			knownRegions = (
				en,
				Base,
			);
			mainGroup = C6E699522AA0E80200075041;
			productRefGroup = C6E6995C2AA0E80200075041 /* Products */;
			projectDirPath = "";
			projectRoot = "";
			targets = (
				C6E6995A2AA0E80200075041 /* RouteRoulette */,
				C6E6996A2AA0E80300075041 /* RouteRouletteTests */,
			);
		};
/* End PBXProject section */

/* Begin PBXResourcesBuildPhase section */
		C6E699592AA0E80200075041 /* Resources */ = {
			isa = PBXResourcesBuildPhase;
			buildActionMask = 2147483647;
			files = (
				C6E699662AA0E80300075041 /* Preview Assets.xcassets in Resources */,
				C6E699632AA0E80300075041 /* Assets.xcassets in Resources */,
			);
			runOnlyForDeploymentPostprocessing = 0;
		};
		C6E699692AA0E80300075041 /* Resources */ = {
			isa = PBXResourcesBuildPhase;
			buildActionMask = 2147483647;
			files = (
			);
			runOnlyForDeploymentPostprocessing = 0;
		};
/* End PBXResourcesBuildPhase section */

/* Begin PBXSourcesBuildPhase section */
		C6E699572AA0E80200075041 /* Sources */ = {
			isa = PBXSourcesBuildPhase;
			buildActionMask = 2147483647;
			files = (
				C6FD99812AA2576E002D211F /* GraphQLResponse.swift in Sources */,
				C6FD998D2AA25C96002D211F /* URLSessionDataTaskPublishing.swift in Sources */,
				C6FD99862AA257A0002D211F /* GraphQLError.swift in Sources */,
				C6BB50A52AA224E400811952 /* PlaceRepository.swift in Sources */,
				C6CB135D2AA39AD500CD495C /* CreateIntineraries.swift in Sources */,
				C6BB50952AA21F5000811952 /* SearchTermProvider.swift in Sources */,
				C6E699612AA0E80200075041 /* ContentView.swift in Sources */,
				C6E699972AA0F69B00075041 /* PlaceDatasource.swift in Sources */,
				C6BB509F2AA220C500811952 /* PlacesResponse.swift in Sources */,
				C69DD6562AA2A4A10020A928 /* DateStringFormatter.swift in Sources */,
				C69DD6602AA2A9790020A928 /* FlightDTO.swift in Sources */,
				C6BB50A32AA223B600811952 /* FetchPlaces.swift in Sources */,
				C6FD997F2AA25352002D211F /* QueryBuilder.swift in Sources */,
				C6FD99832AA25788002D211F /* NetworkRoverError.swift in Sources */,
				C6797F4B2AA365B60029A4FA /* FlightsResponse.swift in Sources */,
				C6BB50992AA21FA200811952 /* Place.swift in Sources */,
				C6E6998B2AA0E93600075041 /* NetworkRover.swift in Sources */,
				C6BB50A12AA2239600811952 /* UseCase.swift in Sources */,
				C69DD65A2AA2A9180020A928 /* FlightRepository.swift in Sources */,
				C69DD6542AA2A48C0020A928 /* FetchFlights.swift in Sources */,
				C69DD65E2AA2A94E0020A928 /* FlightDatasource.swift in Sources */,
				C6BB509B2AA2209D00811952 /* GPSCoordinate.swift in Sources */,
				C6FD99892AA257CD002D211F /* APIRequestBuilder.swift in Sources */,
				C6E6995F2AA0E80200075041 /* RouteRouletteApp.swift in Sources */,
			);
			runOnlyForDeploymentPostprocessing = 0;
		};
		C6E699672AA0E80300075041 /* Sources */ = {
			isa = PBXSourcesBuildPhase;
			buildActionMask = 2147483647;
			files = (
				C6797F4E2AA36C180029A4FA /* FlightDatasourceTests.swift in Sources */,
				C69C9EC02AA281BC004223ED /* MockPlaceDatasource.swift in Sources */,
				C69DD6582AA2A73F0020A928 /* DateStringFormatterTests.swift in Sources */,
				C6FD998B2AA25C63002D211F /* MockURLSession.swift in Sources */,
				C6CB135F2AA39C5000CD495C /* CreateIntinerariesTests.swift in Sources */,
				C6797F542AA3700E0029A4FA /* FetchFlightsTests.swift in Sources */,
				C69C9EB32AA27CF0004223ED /* MockQueryBuilder.swift in Sources */,
				C69C9EB52AA27F43004223ED /* APIRequestBuilderTests.swift in Sources */,
				C69C9EC72AA284BA004223ED /* MockPlaceRepository.swift in Sources */,
				C6797F502AA36DE10029A4FA /* FlightRepositoryTests.swift in Sources */,
				C6FD998F2AA25E0C002D211F /* NetworkRoverTests.swift in Sources */,
				C69C9EB12AA27CA4004223ED /* MockAPIRequestBuilder.swift in Sources */,
				C6E699952AA0F57C00075041 /* PlaceDatasourceTests.swift in Sources */,
				C6CB13612AA39C6E00CD495C /* MockFetchFlights.swift in Sources */,
				C69C9EAF2AA27BE6004223ED /* MockNetworkRover.swift in Sources */,
				C6CB13652AA39CC200CD495C /* MockDateStringFormatter.swift in Sources */,
				C6797F562AA3707E0029A4FA /* MockFlightRepository.swift in Sources */,
				C69C9EC22AA28342004223ED /* QueryBuilderTests.swift in Sources */,
				C69C9EB72AA28027004223ED /* PlaceRepositoryTests.swift in Sources */,
				C6CB13632AA39CA700CD495C /* MockFetchPlaces.swift in Sources */,
				C6797F522AA36E610029A4FA /* MockFlightDatasource.swift in Sources */,
				C69C9EC52AA2841E004223ED /* FetchPlacesTests.swift in Sources */,
				C6E6998D2AA0EC0400075041 /* String+Extensions.swift in Sources */,
			);
			runOnlyForDeploymentPostprocessing = 0;
		};
/* End PBXSourcesBuildPhase section */

/* Begin PBXTargetDependency section */
		C6E6996D2AA0E80300075041 /* PBXTargetDependency */ = {
			isa = PBXTargetDependency;
			target = C6E6995A2AA0E80200075041 /* RouteRoulette */;
			targetProxy = C6E6996C2AA0E80300075041 /* PBXContainerItemProxy */;
		};
/* End PBXTargetDependency section */

/* Begin XCBuildConfiguration section */
		C6E6997D2AA0E80300075041 /* Debug */ = {
			isa = XCBuildConfiguration;
			buildSettings = {
				ALWAYS_SEARCH_USER_PATHS = NO;
				CLANG_ANALYZER_NONNULL = YES;
				CLANG_ANALYZER_NUMBER_OBJECT_CONVERSION = YES_AGGRESSIVE;
				CLANG_CXX_LANGUAGE_STANDARD = "gnu++20";
				CLANG_ENABLE_MODULES = YES;
				CLANG_ENABLE_OBJC_ARC = YES;
				CLANG_ENABLE_OBJC_WEAK = YES;
				CLANG_WARN_BLOCK_CAPTURE_AUTORELEASING = YES;
				CLANG_WARN_BOOL_CONVERSION = YES;
				CLANG_WARN_COMMA = YES;
				CLANG_WARN_CONSTANT_CONVERSION = YES;
				CLANG_WARN_DEPRECATED_OBJC_IMPLEMENTATIONS = YES;
				CLANG_WARN_DIRECT_OBJC_ISA_USAGE = YES_ERROR;
				CLANG_WARN_DOCUMENTATION_COMMENTS = YES;
				CLANG_WARN_EMPTY_BODY = YES;
				CLANG_WARN_ENUM_CONVERSION = YES;
				CLANG_WARN_INFINITE_RECURSION = YES;
				CLANG_WARN_INT_CONVERSION = YES;
				CLANG_WARN_NON_LITERAL_NULL_CONVERSION = YES;
				CLANG_WARN_OBJC_IMPLICIT_RETAIN_SELF = YES;
				CLANG_WARN_OBJC_LITERAL_CONVERSION = YES;
				CLANG_WARN_OBJC_ROOT_CLASS = YES_ERROR;
				CLANG_WARN_QUOTED_INCLUDE_IN_FRAMEWORK_HEADER = YES;
				CLANG_WARN_RANGE_LOOP_ANALYSIS = YES;
				CLANG_WARN_STRICT_PROTOTYPES = YES;
				CLANG_WARN_SUSPICIOUS_MOVE = YES;
				CLANG_WARN_UNGUARDED_AVAILABILITY = YES_AGGRESSIVE;
				CLANG_WARN_UNREACHABLE_CODE = YES;
				CLANG_WARN__DUPLICATE_METHOD_MATCH = YES;
				COPY_PHASE_STRIP = NO;
				DEBUG_INFORMATION_FORMAT = dwarf;
				ENABLE_STRICT_OBJC_MSGSEND = YES;
				ENABLE_TESTABILITY = YES;
				GCC_C_LANGUAGE_STANDARD = gnu11;
				GCC_DYNAMIC_NO_PIC = NO;
				GCC_NO_COMMON_BLOCKS = YES;
				GCC_OPTIMIZATION_LEVEL = 0;
				GCC_PREPROCESSOR_DEFINITIONS = (
					"DEBUG=1",
					"$(inherited)",
				);
				GCC_WARN_64_TO_32_BIT_CONVERSION = YES;
				GCC_WARN_ABOUT_RETURN_TYPE = YES_ERROR;
				GCC_WARN_UNDECLARED_SELECTOR = YES;
				GCC_WARN_UNINITIALIZED_AUTOS = YES_AGGRESSIVE;
				GCC_WARN_UNUSED_FUNCTION = YES;
				GCC_WARN_UNUSED_VARIABLE = YES;
				IPHONEOS_DEPLOYMENT_TARGET = 16.4;
				MTL_ENABLE_DEBUG_INFO = INCLUDE_SOURCE;
				MTL_FAST_MATH = YES;
				ONLY_ACTIVE_ARCH = YES;
				SDKROOT = iphoneos;
				SWIFT_ACTIVE_COMPILATION_CONDITIONS = DEBUG;
				SWIFT_OPTIMIZATION_LEVEL = "-Onone";
			};
			name = Debug;
		};
		C6E6997E2AA0E80300075041 /* Release */ = {
			isa = XCBuildConfiguration;
			buildSettings = {
				ALWAYS_SEARCH_USER_PATHS = NO;
				CLANG_ANALYZER_NONNULL = YES;
				CLANG_ANALYZER_NUMBER_OBJECT_CONVERSION = YES_AGGRESSIVE;
				CLANG_CXX_LANGUAGE_STANDARD = "gnu++20";
				CLANG_ENABLE_MODULES = YES;
				CLANG_ENABLE_OBJC_ARC = YES;
				CLANG_ENABLE_OBJC_WEAK = YES;
				CLANG_WARN_BLOCK_CAPTURE_AUTORELEASING = YES;
				CLANG_WARN_BOOL_CONVERSION = YES;
				CLANG_WARN_COMMA = YES;
				CLANG_WARN_CONSTANT_CONVERSION = YES;
				CLANG_WARN_DEPRECATED_OBJC_IMPLEMENTATIONS = YES;
				CLANG_WARN_DIRECT_OBJC_ISA_USAGE = YES_ERROR;
				CLANG_WARN_DOCUMENTATION_COMMENTS = YES;
				CLANG_WARN_EMPTY_BODY = YES;
				CLANG_WARN_ENUM_CONVERSION = YES;
				CLANG_WARN_INFINITE_RECURSION = YES;
				CLANG_WARN_INT_CONVERSION = YES;
				CLANG_WARN_NON_LITERAL_NULL_CONVERSION = YES;
				CLANG_WARN_OBJC_IMPLICIT_RETAIN_SELF = YES;
				CLANG_WARN_OBJC_LITERAL_CONVERSION = YES;
				CLANG_WARN_OBJC_ROOT_CLASS = YES_ERROR;
				CLANG_WARN_QUOTED_INCLUDE_IN_FRAMEWORK_HEADER = YES;
				CLANG_WARN_RANGE_LOOP_ANALYSIS = YES;
				CLANG_WARN_STRICT_PROTOTYPES = YES;
				CLANG_WARN_SUSPICIOUS_MOVE = YES;
				CLANG_WARN_UNGUARDED_AVAILABILITY = YES_AGGRESSIVE;
				CLANG_WARN_UNREACHABLE_CODE = YES;
				CLANG_WARN__DUPLICATE_METHOD_MATCH = YES;
				COPY_PHASE_STRIP = NO;
				DEBUG_INFORMATION_FORMAT = "dwarf-with-dsym";
				ENABLE_NS_ASSERTIONS = NO;
				ENABLE_STRICT_OBJC_MSGSEND = YES;
				GCC_C_LANGUAGE_STANDARD = gnu11;
				GCC_NO_COMMON_BLOCKS = YES;
				GCC_WARN_64_TO_32_BIT_CONVERSION = YES;
				GCC_WARN_ABOUT_RETURN_TYPE = YES_ERROR;
				GCC_WARN_UNDECLARED_SELECTOR = YES;
				GCC_WARN_UNINITIALIZED_AUTOS = YES_AGGRESSIVE;
				GCC_WARN_UNUSED_FUNCTION = YES;
				GCC_WARN_UNUSED_VARIABLE = YES;
				IPHONEOS_DEPLOYMENT_TARGET = 16.4;
				MTL_ENABLE_DEBUG_INFO = NO;
				MTL_FAST_MATH = YES;
				SDKROOT = iphoneos;
				SWIFT_COMPILATION_MODE = wholemodule;
				SWIFT_OPTIMIZATION_LEVEL = "-O";
				VALIDATE_PRODUCT = YES;
			};
			name = Release;
		};
		C6E699802AA0E80300075041 /* Debug */ = {
			isa = XCBuildConfiguration;
			buildSettings = {
				ASSETCATALOG_COMPILER_APPICON_NAME = AppIcon;
				ASSETCATALOG_COMPILER_GLOBAL_ACCENT_COLOR_NAME = AccentColor;
				CODE_SIGN_STYLE = Automatic;
				CURRENT_PROJECT_VERSION = 1;
				DEVELOPMENT_ASSET_PATHS = "\"RouteRoulette/Preview Content\"";
				DEVELOPMENT_TEAM = 29XC7B4KB4;
				ENABLE_PREVIEWS = YES;
				GENERATE_INFOPLIST_FILE = YES;
				INFOPLIST_KEY_UIApplicationSceneManifest_Generation = YES;
				INFOPLIST_KEY_UIApplicationSupportsIndirectInputEvents = YES;
				INFOPLIST_KEY_UILaunchScreen_Generation = YES;
				INFOPLIST_KEY_UISupportedInterfaceOrientations_iPad = "UIInterfaceOrientationPortrait UIInterfaceOrientationPortraitUpsideDown UIInterfaceOrientationLandscapeLeft UIInterfaceOrientationLandscapeRight";
				INFOPLIST_KEY_UISupportedInterfaceOrientations_iPhone = "UIInterfaceOrientationPortrait UIInterfaceOrientationLandscapeLeft UIInterfaceOrientationLandscapeRight";
				LD_RUNPATH_SEARCH_PATHS = (
					"$(inherited)",
					"@executable_path/Frameworks",
				);
				MARKETING_VERSION = 1.0;
				PRODUCT_BUNDLE_IDENTIFIER = com.sfwalsh.RouteRoulette;
				PRODUCT_NAME = "$(TARGET_NAME)";
				SWIFT_EMIT_LOC_STRINGS = YES;
				SWIFT_VERSION = 5.0;
				TARGETED_DEVICE_FAMILY = "1,2";
			};
			name = Debug;
		};
		C6E699812AA0E80300075041 /* Release */ = {
			isa = XCBuildConfiguration;
			buildSettings = {
				ASSETCATALOG_COMPILER_APPICON_NAME = AppIcon;
				ASSETCATALOG_COMPILER_GLOBAL_ACCENT_COLOR_NAME = AccentColor;
				CODE_SIGN_STYLE = Automatic;
				CURRENT_PROJECT_VERSION = 1;
				DEVELOPMENT_ASSET_PATHS = "\"RouteRoulette/Preview Content\"";
				DEVELOPMENT_TEAM = 29XC7B4KB4;
				ENABLE_PREVIEWS = YES;
				GENERATE_INFOPLIST_FILE = YES;
				INFOPLIST_KEY_UIApplicationSceneManifest_Generation = YES;
				INFOPLIST_KEY_UIApplicationSupportsIndirectInputEvents = YES;
				INFOPLIST_KEY_UILaunchScreen_Generation = YES;
				INFOPLIST_KEY_UISupportedInterfaceOrientations_iPad = "UIInterfaceOrientationPortrait UIInterfaceOrientationPortraitUpsideDown UIInterfaceOrientationLandscapeLeft UIInterfaceOrientationLandscapeRight";
				INFOPLIST_KEY_UISupportedInterfaceOrientations_iPhone = "UIInterfaceOrientationPortrait UIInterfaceOrientationLandscapeLeft UIInterfaceOrientationLandscapeRight";
				LD_RUNPATH_SEARCH_PATHS = (
					"$(inherited)",
					"@executable_path/Frameworks",
				);
				MARKETING_VERSION = 1.0;
				PRODUCT_BUNDLE_IDENTIFIER = com.sfwalsh.RouteRoulette;
				PRODUCT_NAME = "$(TARGET_NAME)";
				SWIFT_EMIT_LOC_STRINGS = YES;
				SWIFT_VERSION = 5.0;
				TARGETED_DEVICE_FAMILY = "1,2";
			};
			name = Release;
		};
		C6E699832AA0E80300075041 /* Debug */ = {
			isa = XCBuildConfiguration;
			buildSettings = {
				ALWAYS_EMBED_SWIFT_STANDARD_LIBRARIES = YES;
				BUNDLE_LOADER = "$(TEST_HOST)";
				CODE_SIGN_STYLE = Automatic;
				CURRENT_PROJECT_VERSION = 1;
				DEVELOPMENT_TEAM = 29XC7B4KB4;
				GENERATE_INFOPLIST_FILE = YES;
				IPHONEOS_DEPLOYMENT_TARGET = 16.4;
				MARKETING_VERSION = 1.0;
				PRODUCT_BUNDLE_IDENTIFIER = com.sfwalsh.RouteRouletteTests;
				PRODUCT_NAME = "$(TARGET_NAME)";
				SWIFT_EMIT_LOC_STRINGS = NO;
				SWIFT_VERSION = 5.0;
				TARGETED_DEVICE_FAMILY = "1,2";
				TEST_HOST = "$(BUILT_PRODUCTS_DIR)/RouteRoulette.app/$(BUNDLE_EXECUTABLE_FOLDER_PATH)/RouteRoulette";
			};
			name = Debug;
		};
		C6E699842AA0E80300075041 /* Release */ = {
			isa = XCBuildConfiguration;
			buildSettings = {
				ALWAYS_EMBED_SWIFT_STANDARD_LIBRARIES = YES;
				BUNDLE_LOADER = "$(TEST_HOST)";
				CODE_SIGN_STYLE = Automatic;
				CURRENT_PROJECT_VERSION = 1;
				DEVELOPMENT_TEAM = 29XC7B4KB4;
				GENERATE_INFOPLIST_FILE = YES;
				IPHONEOS_DEPLOYMENT_TARGET = 16.4;
				MARKETING_VERSION = 1.0;
				PRODUCT_BUNDLE_IDENTIFIER = com.sfwalsh.RouteRouletteTests;
				PRODUCT_NAME = "$(TARGET_NAME)";
				SWIFT_EMIT_LOC_STRINGS = NO;
				SWIFT_VERSION = 5.0;
				TARGETED_DEVICE_FAMILY = "1,2";
				TEST_HOST = "$(BUILT_PRODUCTS_DIR)/RouteRoulette.app/$(BUNDLE_EXECUTABLE_FOLDER_PATH)/RouteRoulette";
			};
			name = Release;
		};
/* End XCBuildConfiguration section */

/* Begin XCConfigurationList section */
		C6E699562AA0E80200075041 /* Build configuration list for PBXProject "RouteRoulette" */ = {
			isa = XCConfigurationList;
			buildConfigurations = (
				C6E6997D2AA0E80300075041 /* Debug */,
				C6E6997E2AA0E80300075041 /* Release */,
			);
			defaultConfigurationIsVisible = 0;
			defaultConfigurationName = Release;
		};
		C6E6997F2AA0E80300075041 /* Build configuration list for PBXNativeTarget "RouteRoulette" */ = {
			isa = XCConfigurationList;
			buildConfigurations = (
				C6E699802AA0E80300075041 /* Debug */,
				C6E699812AA0E80300075041 /* Release */,
			);
			defaultConfigurationIsVisible = 0;
			defaultConfigurationName = Release;
		};
		C6E699822AA0E80300075041 /* Build configuration list for PBXNativeTarget "RouteRouletteTests" */ = {
			isa = XCConfigurationList;
			buildConfigurations = (
				C6E699832AA0E80300075041 /* Debug */,
				C6E699842AA0E80300075041 /* Release */,
			);
			defaultConfigurationIsVisible = 0;
			defaultConfigurationName = Release;
		};
/* End XCConfigurationList section */
	};
	rootObject = C6E699532AA0E80200075041 /* Project object */;
}
